
Microsoft Visual Studio Solution File, Format Version 12.00
# Visual Studio Version 17
VisualStudioVersion = 17.5.002.0
MinimumVisualStudioVersion = 10.0.40219.1
Project("{9A19103F-16F7-4668-BE54-9A1E7A4F7556}") = "GoldenCrown.Api", "GoldenCrown.Api.csproj", "{D9052118-2A33-4DB9-A8CF-8838A76083AB}"
EndProject
Global
	GlobalSection(SolutionConfigurationPlatforms) = preSolution
		Debug|Any CPU = Debug|Any CPU
		Release|Any CPU = Release|Any CPU
	EndGlobalSection
	GlobalSection(ProjectConfigurationPlatforms) = postSolution
		{D9052118-2A33-4DB9-A8CF-8838A76083AB}.Debug|Any CPU.ActiveCfg = Debug|Any CPU
		{D9052118-2A33-4DB9-A8CF-8838A76083AB}.Debug|Any CPU.Build.0 = Debug|Any CPU
		{D9052118-2A33-4DB9-A8CF-8838A76083AB}.Release|Any CPU.ActiveCfg = Release|Any CPU
		{D9052118-2A33-4DB9-A8CF-8838A76083AB}.Release|Any CPU.Build.0 = Release|Any CPU
	EndGlobalSection
	GlobalSection(SolutionProperties) = preSolution
		HideSolutionNode = FALSE
	EndGlobalSection
	GlobalSection(ExtensibilityGlobals) = postSolution
		SolutionGuid = {A6E7F499-95C7-4E0A-A4DF-87165B8E1992}
	EndGlobalSection
EndGlobal
